
Microsoft Visual Studio Solution File, Format Version 12.00
# Visual Studio 15
VisualStudioVersion = 15.0.26124.0
MinimumVisualStudioVersion = 15.0.26124.0
Project("{2150E333-8FDC-42A3-9474-1A3956D46DE8}") = "src", "src", "{53603A9F-082D-4073-8DBB-AA2EA34970C8}"
EndProject
Project("{FAE04EC0-301F-11D3-BF4B-00C04F79EFBC}") = "Web", "src\Web\Web.csproj", "{4EF174D6-A117-43A1-BEDD-DFDF6FABC852}"
EndProject
Project("{2150E333-8FDC-42A3-9474-1A3956D46DE8}") = "tests", "tests", "{A94C3840-487E-4A86-8375-A5703675E559}"
EndProject
Project("{FAE04EC0-301F-11D3-BF4B-00C04F79EFBC}") = "FunctionalTests", "tests\FunctionalTests\FunctionalTests.csproj", "{3264330C-048E-4C2B-93F8-E21AB3D508A2}"
EndProject
Project("{FAE04EC0-301F-11D3-BF4B-00C04F79EFBC}") = "IntegrationTests", "tests\IntegrationTests\IntegrationTests.csproj", "{796E4FA3-42E8-40CC-9FD8-B4A69E8DE957}"
EndProject
Project("{FAE04EC0-301F-11D3-BF4B-00C04F79EFBC}") = "UnitTests", "tests\UnitTests\UnitTests.csproj", "{C7C890A6-21F8-4BED-9BFB-1CD7CC9C346C}"
EndProject
Global
	GlobalSection(SolutionConfigurationPlatforms) = preSolution
		Debug|Any CPU = Debug|Any CPU
		Debug|x64 = Debug|x64
		Debug|x86 = Debug|x86
		Release|Any CPU = Release|Any CPU
		Release|x64 = Release|x64
		Release|x86 = Release|x86
	EndGlobalSection
	GlobalSection(SolutionProperties) = preSolution
		HideSolutionNode = FALSE
	EndGlobalSection
	GlobalSection(ProjectConfigurationPlatforms) = postSolution
		{4EF174D6-A117-43A1-BEDD-DFDF6FABC852}.Debug|Any CPU.ActiveCfg = Debug|Any CPU
		{4EF174D6-A117-43A1-BEDD-DFDF6FABC852}.Debug|Any CPU.Build.0 = Debug|Any CPU
		{4EF174D6-A117-43A1-BEDD-DFDF6FABC852}.Debug|x64.ActiveCfg = Debug|Any CPU
		{4EF174D6-A117-43A1-BEDD-DFDF6FABC852}.Debug|x64.Build.0 = Debug|Any CPU
		{4EF174D6-A117-43A1-BEDD-DFDF6FABC852}.Debug|x86.ActiveCfg = Debug|Any CPU
		{4EF174D6-A117-43A1-BEDD-DFDF6FABC852}.Debug|x86.Build.0 = Debug|Any CPU
		{4EF174D6-A117-43A1-BEDD-DFDF6FABC852}.Release|Any CPU.ActiveCfg = Release|Any CPU
		{4EF174D6-A117-43A1-BEDD-DFDF6FABC852}.Release|Any CPU.Build.0 = Release|Any CPU
		{4EF174D6-A117-43A1-BEDD-DFDF6FABC852}.Release|x64.ActiveCfg = Release|Any CPU
		{4EF174D6-A117-43A1-BEDD-DFDF6FABC852}.Release|x64.Build.0 = Release|Any CPU
		{4EF174D6-A117-43A1-BEDD-DFDF6FABC852}.Release|x86.ActiveCfg = Release|Any CPU
		{4EF174D6-A117-43A1-BEDD-DFDF6FABC852}.Release|x86.Build.0 = Release|Any CPU
		{3264330C-048E-4C2B-93F8-E21AB3D508A2}.Debug|Any CPU.ActiveCfg = Debug|Any CPU
		{3264330C-048E-4C2B-93F8-E21AB3D508A2}.Debug|Any CPU.Build.0 = Debug|Any CPU
		{3264330C-048E-4C2B-93F8-E21AB3D508A2}.Debug|x64.ActiveCfg = Debug|Any CPU
		{3264330C-048E-4C2B-93F8-E21AB3D508A2}.Debug|x64.Build.0 = Debug|Any CPU
		{3264330C-048E-4C2B-93F8-E21AB3D508A2}.Debug|x86.ActiveCfg = Debug|Any CPU
		{3264330C-048E-4C2B-93F8-E21AB3D508A2}.Debug|x86.Build.0 = Debug|Any CPU
		{3264330C-048E-4C2B-93F8-E21AB3D508A2}.Release|Any CPU.ActiveCfg = Release|Any CPU
		{3264330C-048E-4C2B-93F8-E21AB3D508A2}.Release|Any CPU.Build.0 = Release|Any CPU
		{3264330C-048E-4C2B-93F8-E21AB3D508A2}.Release|x64.ActiveCfg = Release|Any CPU
		{3264330C-048E-4C2B-93F8-E21AB3D508A2}.Release|x64.Build.0 = Release|Any CPU
		{3264330C-048E-4C2B-93F8-E21AB3D508A2}.Release|x86.ActiveCfg = Release|Any CPU
		{3264330C-048E-4C2B-93F8-E21AB3D508A2}.Release|x86.Build.0 = Release|Any CPU
		{796E4FA3-42E8-40CC-9FD8-B4A69E8DE957}.Debug|Any CPU.ActiveCfg = Debug|Any CPU
		{796E4FA3-42E8-40CC-9FD8-B4A69E8DE957}.Debug|Any CPU.Build.0 = Debug|Any CPU
		{796E4FA3-42E8-40CC-9FD8-B4A69E8DE957}.Debug|x64.ActiveCfg = Debug|Any CPU
		{796E4FA3-42E8-40CC-9FD8-B4A69E8DE957}.Debug|x64.Build.0 = Debug|Any CPU
		{796E4FA3-42E8-40CC-9FD8-B4A69E8DE957}.Debug|x86.ActiveCfg = Debug|Any CPU
		{796E4FA3-42E8-40CC-9FD8-B4A69E8DE957}.Debug|x86.Build.0 = Debug|Any CPU
		{796E4FA3-42E8-40CC-9FD8-B4A69E8DE957}.Release|Any CPU.ActiveCfg = Release|Any CPU
		{796E4FA3-42E8-40CC-9FD8-B4A69E8DE957}.Release|Any CPU.Build.0 = Release|Any CPU
		{796E4FA3-42E8-40CC-9FD8-B4A69E8DE957}.Release|x64.ActiveCfg = Release|Any CPU
		{796E4FA3-42E8-40CC-9FD8-B4A69E8DE957}.Release|x64.Build.0 = Release|Any CPU
		{796E4FA3-42E8-40CC-9FD8-B4A69E8DE957}.Release|x86.ActiveCfg = Release|Any CPU
		{796E4FA3-42E8-40CC-9FD8-B4A69E8DE957}.Release|x86.Build.0 = Release|Any CPU
		{C7C890A6-21F8-4BED-9BFB-1CD7CC9C346C}.Debug|Any CPU.ActiveCfg = Debug|Any CPU
		{C7C890A6-21F8-4BED-9BFB-1CD7CC9C346C}.Debug|Any CPU.Build.0 = Debug|Any CPU
		{C7C890A6-21F8-4BED-9BFB-1CD7CC9C346C}.Debug|x64.ActiveCfg = Debug|Any CPU
		{C7C890A6-21F8-4BED-9BFB-1CD7CC9C346C}.Debug|x64.Build.0 = Debug|Any CPU
		{C7C890A6-21F8-4BED-9BFB-1CD7CC9C346C}.Debug|x86.ActiveCfg = Debug|Any CPU
		{C7C890A6-21F8-4BED-9BFB-1CD7CC9C346C}.Debug|x86.Build.0 = Debug|Any CPU
		{C7C890A6-21F8-4BED-9BFB-1CD7CC9C346C}.Release|Any CPU.ActiveCfg = Release|Any CPU
		{C7C890A6-21F8-4BED-9BFB-1CD7CC9C346C}.Release|Any CPU.Build.0 = Release|Any CPU
		{C7C890A6-21F8-4BED-9BFB-1CD7CC9C346C}.Release|x64.ActiveCfg = Release|Any CPU
		{C7C890A6-21F8-4BED-9BFB-1CD7CC9C346C}.Release|x64.Build.0 = Release|Any CPU
		{C7C890A6-21F8-4BED-9BFB-1CD7CC9C346C}.Release|x86.ActiveCfg = Release|Any CPU
		{C7C890A6-21F8-4BED-9BFB-1CD7CC9C346C}.Release|x86.Build.0 = Release|Any CPU
	EndGlobalSection
	GlobalSection(NestedProjects) = preSolution
		{4EF174D6-A117-43A1-BEDD-DFDF6FABC852} = {53603A9F-082D-4073-8DBB-AA2EA34970C8}
		{3264330C-048E-4C2B-93F8-E21AB3D508A2} = {A94C3840-487E-4A86-8375-A5703675E559}
		{796E4FA3-42E8-40CC-9FD8-B4A69E8DE957} = {A94C3840-487E-4A86-8375-A5703675E559}
		{C7C890A6-21F8-4BED-9BFB-1CD7CC9C346C} = {A94C3840-487E-4A86-8375-A5703675E559}
	EndGlobalSection
EndGlobal
